
Microsoft Visual Studio Solution File, Format Version 12.00
# Visual Studio Version 17
VisualStudioVersion = 17.0.31903.59
MinimumVisualStudioVersion = 10.0.40219.1
Project("{FAE04EC0-301F-11D3-BF4B-00C04F79EFBC}") = "QuantityMeasurementApp", "QuantityMeasurementApp\QuantityMeasurementApp.csproj", "{52792CB5-B6A0-4E9D-AEA6-B1CAB9FA4B14}"
EndProject
Project("{FAE04EC0-301F-11D3-BF4B-00C04F79EFBC}") = "QuantityMeasurementModelLayer", "QuantityMeasurementModelLayer\QuantityMeasurementModelLayer.csproj", "{5F384881-FCBC-4CC5-97E9-F834BD9A324B}"
EndProject
Project("{FAE04EC0-301F-11D3-BF4B-00C04F79EFBC}") = "QuantityMeasurementBusinessLayer", "QuantityMeasurementBusinessLayer\QuantityMeasurementBusinessLayer.csproj", "{1D17A915-CFD6-4C40-A07D-8BD56884FAB3}"
EndProject
Project("{FAE04EC0-301F-11D3-BF4B-00C04F79EFBC}") = "QuantityMeasurementRepositoryLayer", "QuantityMeasurementRepositoryLayer\QuantityMeasurementRepositoryLayer.csproj", "{918AD0A0-C475-453B-B2A5-BA6B1B177D86}"
EndProject
Project("{FAE04EC0-301F-11D3-BF4B-00C04F79EFBC}") = "QuantityMeasurementApp.Tests", "QuantityMeasurementApp.Tests\QuantityMeasurementApp.Tests.csproj", "{38CEAABC-4215-4FF6-9E6E-7432B55CD5D9}"
EndProject
Global
	GlobalSection(SolutionConfigurationPlatforms) = preSolution
		Debug|Any CPU = Debug|Any CPU
		Debug|x64 = Debug|x64
		Debug|x86 = Debug|x86
		Release|Any CPU = Release|Any CPU
		Release|x64 = Release|x64
		Release|x86 = Release|x86
	EndGlobalSection
	GlobalSection(ProjectConfigurationPlatforms) = postSolution
		{52792CB5-B6A0-4E9D-AEA6-B1CAB9FA4B14}.Debug|Any CPU.ActiveCfg = Debug|Any CPU
		{52792CB5-B6A0-4E9D-AEA6-B1CAB9FA4B14}.Debug|Any CPU.Build.0 = Debug|Any CPU
		{52792CB5-B6A0-4E9D-AEA6-B1CAB9FA4B14}.Debug|x64.ActiveCfg = Debug|Any CPU
		{52792CB5-B6A0-4E9D-AEA6-B1CAB9FA4B14}.Debug|x64.Build.0 = Debug|Any CPU
		{52792CB5-B6A0-4E9D-AEA6-B1CAB9FA4B14}.Debug|x86.ActiveCfg = Debug|Any CPU
		{52792CB5-B6A0-4E9D-AEA6-B1CAB9FA4B14}.Debug|x86.Build.0 = Debug|Any CPU
		{52792CB5-B6A0-4E9D-AEA6-B1CAB9FA4B14}.Release|Any CPU.ActiveCfg = Release|Any CPU
		{52792CB5-B6A0-4E9D-AEA6-B1CAB9FA4B14}.Release|Any CPU.Build.0 = Release|Any CPU
		{52792CB5-B6A0-4E9D-AEA6-B1CAB9FA4B14}.Release|x64.ActiveCfg = Release|Any CPU
		{52792CB5-B6A0-4E9D-AEA6-B1CAB9FA4B14}.Release|x64.Build.0 = Release|Any CPU
		{52792CB5-B6A0-4E9D-AEA6-B1CAB9FA4B14}.Release|x86.ActiveCfg = Release|Any CPU
		{52792CB5-B6A0-4E9D-AEA6-B1CAB9FA4B14}.Release|x86.Build.0 = Release|Any CPU
		{5F384881-FCBC-4CC5-97E9-F834BD9A324B}.Debug|Any CPU.ActiveCfg = Debug|Any CPU
		{5F384881-FCBC-4CC5-97E9-F834BD9A324B}.Debug|Any CPU.Build.0 = Debug|Any CPU
		{5F384881-FCBC-4CC5-97E9-F834BD9A324B}.Debug|x64.ActiveCfg = Debug|Any CPU
		{5F384881-FCBC-4CC5-97E9-F834BD9A324B}.Debug|x64.Build.0 = Debug|Any CPU
		{5F384881-FCBC-4CC5-97E9-F834BD9A324B}.Debug|x86.ActiveCfg = Debug|Any CPU
		{5F384881-FCBC-4CC5-97E9-F834BD9A324B}.Debug|x86.Build.0 = Debug|Any CPU
		{5F384881-FCBC-4CC5-97E9-F834BD9A324B}.Release|Any CPU.ActiveCfg = Release|Any CPU
		{5F384881-FCBC-4CC5-97E9-F834BD9A324B}.Release|Any CPU.Build.0 = Release|Any CPU
		{5F384881-FCBC-4CC5-97E9-F834BD9A324B}.Release|x64.ActiveCfg = Release|Any CPU
		{5F384881-FCBC-4CC5-97E9-F834BD9A324B}.Release|x64.Build.0 = Release|Any CPU
		{5F384881-FCBC-4CC5-97E9-F834BD9A324B}.Release|x86.ActiveCfg = Release|Any CPU
		{5F384881-FCBC-4CC5-97E9-F834BD9A324B}.Release|x86.Build.0 = Release|Any CPU
		{1D17A915-CFD6-4C40-A07D-8BD56884FAB3}.Debug|Any CPU.ActiveCfg = Debug|Any CPU
		{1D17A915-CFD6-4C40-A07D-8BD56884FAB3}.Debug|Any CPU.Build.0 = Debug|Any CPU
		{1D17A915-CFD6-4C40-A07D-8BD56884FAB3}.Debug|x64.ActiveCfg = Debug|Any CPU
		{1D17A915-CFD6-4C40-A07D-8BD56884FAB3}.Debug|x64.Build.0 = Debug|Any CPU
		{1D17A915-CFD6-4C40-A07D-8BD56884FAB3}.Debug|x86.ActiveCfg = Debug|Any CPU
		{1D17A915-CFD6-4C40-A07D-8BD56884FAB3}.Debug|x86.Build.0 = Debug|Any CPU
		{1D17A915-CFD6-4C40-A07D-8BD56884FAB3}.Release|Any CPU.ActiveCfg = Release|Any CPU
		{1D17A915-CFD6-4C40-A07D-8BD56884FAB3}.Release|Any CPU.Build.0 = Release|Any CPU
		{1D17A915-CFD6-4C40-A07D-8BD56884FAB3}.Release|x64.ActiveCfg = Release|Any CPU
		{1D17A915-CFD6-4C40-A07D-8BD56884FAB3}.Release|x64.Build.0 = Release|Any CPU
		{1D17A915-CFD6-4C40-A07D-8BD56884FAB3}.Release|x86.ActiveCfg = Release|Any CPU
		{1D17A915-CFD6-4C40-A07D-8BD56884FAB3}.Release|x86.Build.0 = Release|Any CPU
		{918AD0A0-C475-453B-B2A5-BA6B1B177D86}.Debug|Any CPU.ActiveCfg = Debug|Any CPU
		{918AD0A0-C475-453B-B2A5-BA6B1B177D86}.Debug|Any CPU.Build.0 = Debug|Any CPU
		{918AD0A0-C475-453B-B2A5-BA6B1B177D86}.Debug|x64.ActiveCfg = Debug|Any CPU
		{918AD0A0-C475-453B-B2A5-BA6B1B177D86}.Debug|x64.Build.0 = Debug|Any CPU
		{918AD0A0-C475-453B-B2A5-BA6B1B177D86}.Debug|x86.ActiveCfg = Debug|Any CPU
		{918AD0A0-C475-453B-B2A5-BA6B1B177D86}.Debug|x86.Build.0 = Debug|Any CPU
		{918AD0A0-C475-453B-B2A5-BA6B1B177D86}.Release|Any CPU.ActiveCfg = Release|Any CPU
		{918AD0A0-C475-453B-B2A5-BA6B1B177D86}.Release|Any CPU.Build.0 = Release|Any CPU
		{918AD0A0-C475-453B-B2A5-BA6B1B177D86}.Release|x64.ActiveCfg = Release|Any CPU
		{918AD0A0-C475-453B-B2A5-BA6B1B177D86}.Release|x64.Build.0 = Release|Any CPU
		{918AD0A0-C475-453B-B2A5-BA6B1B177D86}.Release|x86.ActiveCfg = Release|Any CPU
		{918AD0A0-C475-453B-B2A5-BA6B1B177D86}.Release|x86.Build.0 = Release|Any CPU
		{38CEAABC-4215-4FF6-9E6E-7432B55CD5D9}.Debug|Any CPU.ActiveCfg = Debug|Any CPU
		{38CEAABC-4215-4FF6-9E6E-7432B55CD5D9}.Debug|Any CPU.Build.0 = Debug|Any CPU
		{38CEAABC-4215-4FF6-9E6E-7432B55CD5D9}.Debug|x64.ActiveCfg = Debug|Any CPU
		{38CEAABC-4215-4FF6-9E6E-7432B55CD5D9}.Debug|x64.Build.0 = Debug|Any CPU
		{38CEAABC-4215-4FF6-9E6E-7432B55CD5D9}.Debug|x86.ActiveCfg = Debug|Any CPU
		{38CEAABC-4215-4FF6-9E6E-7432B55CD5D9}.Debug|x86.Build.0 = Debug|Any CPU
		{38CEAABC-4215-4FF6-9E6E-7432B55CD5D9}.Release|Any CPU.ActiveCfg = Release|Any CPU
		{38CEAABC-4215-4FF6-9E6E-7432B55CD5D9}.Release|Any CPU.Build.0 = Release|Any CPU
		{38CEAABC-4215-4FF6-9E6E-7432B55CD5D9}.Release|x64.ActiveCfg = Release|Any CPU
		{38CEAABC-4215-4FF6-9E6E-7432B55CD5D9}.Release|x64.Build.0 = Release|Any CPU
		{38CEAABC-4215-4FF6-9E6E-7432B55CD5D9}.Release|x86.ActiveCfg = Release|Any CPU
		{38CEAABC-4215-4FF6-9E6E-7432B55CD5D9}.Release|x86.Build.0 = Release|Any CPU
	EndGlobalSection
	GlobalSection(SolutionProperties) = preSolution
		HideSolutionNode = FALSE
	EndGlobalSection
EndGlobal
